
Microsoft Visual Studio Solution File, Format Version 12.00
# Visual Studio Version 17
VisualStudioVersion = 17.10.35013.160
MinimumVisualStudioVersion = 10.0.40219.1
Project("{FAE04EC0-301F-11D3-BF4B-00C04F79EFBC}") = "jogo-da-velha", "jogo-da-velha\jogo-da-velha.csproj", "{A2B6C1EB-7A4E-4532-85CE-F78A0240A48E}"
EndProject
Global
	GlobalSection(SolutionConfigurationPlatforms) = preSolution
		Debug|Any CPU = Debug|Any CPU
		Release|Any CPU = Release|Any CPU
	EndGlobalSection
	GlobalSection(ProjectConfigurationPlatforms) = postSolution
		{A2B6C1EB-7A4E-4532-85CE-F78A0240A48E}.Debug|Any CPU.ActiveCfg = Debug|Any CPU
		{A2B6C1EB-7A4E-4532-85CE-F78A0240A48E}.Debug|Any CPU.Build.0 = Debug|Any CPU
		{A2B6C1EB-7A4E-4532-85CE-F78A0240A48E}.Release|Any CPU.ActiveCfg = Release|Any CPU
		{A2B6C1EB-7A4E-4532-85CE-F78A0240A48E}.Release|Any CPU.Build.0 = Release|Any CPU
	EndGlobalSection
	GlobalSection(SolutionProperties) = preSolution
		HideSolutionNode = FALSE
	EndGlobalSection
	GlobalSection(ExtensibilityGlobals) = postSolution
		SolutionGuid = {8ED38419-D1FA-4568-973D-F830E7EF1535}
	EndGlobalSection
EndGlobal
